name: Update flake.lock

on:
  workflow_dispatch:
  schedule:
    - cron: "0 0 * * 0" # weekly

permissions:
  contents: write
  pull-requests: write
  # Required for `create-pull-request` to create a PR directly against the base branch
  # if an existing PR for the branch already exists.
  # Also required for auto-merging.

jobs:
  lockfile:
    runs-on: ubuntu-latest
    steps:
      - uses: actions/checkout@3d3c42e5aac5ba805825da76410c181273ba90b1 # v7.0.1
        with:
          persist-credentials: false

      - uses: cachix/install-nix-action@630ae543ea3a38a9a4166f03376c02c50f408342 # v31.11.0
        with:
          nix_path: nixpkgs=channel:nixos-unstable

      - name: Run update script
        run: |
          ./scripts/update-flake-lock.sh

      - name: Check Root Flake
        id: check_root
        continue-on-error: true # Temporarily set to true to capture output even on failure
        run: |
          set +e

          OUTPUT=$(nix flake check 2>&1)
          EXIT_CODE=$?

          echo "root_check_output<<EOF" >> "$GITHUB_OUTPUT"
          echo "$OUTPUT" >> "$GITHUB_OUTPUT"
          echo "EOF" >> "$GITHUB_OUTPUT"

          if [ $EXIT_CODE -eq 0 ]; then
            echo "ROOT_CHECK_SUCCESS=true" >> "$GITHUB_OUTPUT"
          else
            echo "ROOT_CHECK_SUCCESS=false" >> "$GITHUB_OUTPUT"
          fi

          exit 0

      - name: Check Template Flake
        id: check_template
        continue-on-error: true
        run: |
          cd template
          sed -i 's|url = "github:florianvazelle/hydenix"|url = "path:../"|' flake.nix

          set +e
          OUTPUT=$(nix flake check 2>&1)
          EXIT_CODE=$?

          echo "template_check_output<<EOF" >> "$GITHUB_OUTPUT"
          echo "$OUTPUT" >> "$GITHUB_OUTPUT"
          echo "EOF" >> "$GITHUB_OUTPUT"

          if [ $EXIT_CODE -eq 0 ]; then
            echo "TEMPLATE_CHECK_SUCCESS=true" >> "$GITHUB_OUTPUT"
          else
            echo "TEMPLATE_CHECK_SUCCESS=false" >> "$GITHUB_OUTPUT"
          fi

          git checkout flake.nix
          rm -f flake.lock

          exit 0

      - name: Create Pull Request
        id: create_pr
        uses: peter-evans/create-pull-request@5f6978faf089d4d20b00c7766989d076bb2fc7f1 # v8.1.1
        with:
          commit-message: "chore(deps): update flake.lock"
          title: "chore(deps): update flake.lock"
          branch: update-flake-lock
          token: ${{ secrets.GITHUB_TOKEN }}
          delete-branch: true
          body: |
            Updated flake.lock file.

            ---

            ### Root Flake Check: ${{ steps.check_root.outputs.ROOT_CHECK_SUCCESS == 'true' && '✅ Passed' || '❌ Failed' }}
            <details>
            <summary>View output</summary>

            ```
            ${{ steps.check_root.outputs.root_check_output }}
            ```

            </details>

            ### Template Flake Check: ${{ steps.check_template.outputs.TEMPLATE_CHECK_SUCCESS == 'true' && '✅ Passed' || '❌ Failed' }}
            <details>
            <summary>View output</summary>

            ```
            ${{ steps.check_template.outputs.template_check_output }}
            ```

            </details>

            ---
        if: always()

      - name: Enable auto-merge on PR
        if: ${{ steps.check_root.outputs.ROOT_CHECK_SUCCESS == 'true' && steps.check_template.outputs.TEMPLATE_CHECK_SUCCESS == 'true' && steps.create_pr.outputs.pull-request-number }}
        run: |
          gh pr merge $PULL_REQUEST --auto --squash
        env:
          GITHUB_TOKEN: ${{ secrets.GITHUB_TOKEN }}
          PULL_REQUEST: ${{ steps.create_pr.outputs.pull-request-number }}

      - name: Check overall status and fail if necessary
        if: ${{ steps.check_root.outputs.ROOT_CHECK_SUCCESS == 'false' || steps.check_template.outputs.TEMPLATE_CHECK_SUCCESS == 'false' }}
        run: |
          echo "One or more flake checks failed. Failing workflow as requested."
          exit 1
